// !$*UTF8*$!
{
	archiveVersion = 1;
	classes = {
	};
	objectVersion = 55;
	objects = {

/* Begin PBXBuildFile section */
		6EA79831284D4915006C4916 /* AppDelegate.swift in Sources */ = {isa = PBXBuildFile; fileRef = 6EA79830284D4915006C4916 /* AppDelegate.swift */; };
		6EA79833284D4915006C4916 /* SceneDelegate.swift in Sources */ = {isa = PBXBuildFile; fileRef = 6EA79832284D4915006C4916 /* SceneDelegate.swift */; };
		6EA7983B284D4915006C4916 /* my_repository_app.xcdatamodeld in Sources */ = {isa = PBXBuildFile; fileRef = 6EA79839284D4915006C4916 /* my_repository_app.xcdatamodeld */; };
		6EA7983D284D4917006C4916 /* Assets.xcassets in Resources */ = {isa = PBXBuildFile; fileRef = 6EA7983C284D4917006C4916 /* Assets.xcassets */; };
		6EA79840284D4917006C4916 /* LaunchScreen.storyboard in Resources */ = {isa = PBXBuildFile; fileRef = 6EA7983E284D4917006C4916 /* LaunchScreen.storyboard */; };
		6EA7984B284D4917006C4916 /* my_repository_appTests.swift in Sources */ = {isa = PBXBuildFile; fileRef = 6EA7984A284D4917006C4916 /* my_repository_appTests.swift */; };
		6EA79855284D4917006C4916 /* my_repository_appUITests.swift in Sources */ = {isa = PBXBuildFile; fileRef = 6EA79854284D4917006C4916 /* my_repository_appUITests.swift */; };
		6EA79857284D4917006C4916 /* my_repository_appUITestsLaunchTests.swift in Sources */ = {isa = PBXBuildFile; fileRef = 6EA79856284D4917006C4916 /* my_repository_appUITestsLaunchTests.swift */; };
		6EA79869284D5C6A006C4916 /* IntroViewController.swift in Sources */ = {isa = PBXBuildFile; fileRef = 6EA79868284D5C6A006C4916 /* IntroViewController.swift */; };
		6EA849F22856925A00825E74 /* IntroView.swift in Sources */ = {isa = PBXBuildFile; fileRef = 6EA849F12856925A00825E74 /* IntroView.swift */; };
		6EA849F52856989900825E74 /* Strings.swift in Sources */ = {isa = PBXBuildFile; fileRef = 6EA849F42856989900825E74 /* Strings.swift */; };
		6EA849F828569B7D00825E74 /* Viewcode.swift in Sources */ = {isa = PBXBuildFile; fileRef = 6EA849F728569B7D00825E74 /* Viewcode.swift */; };
/* End PBXBuildFile section */

/* Begin PBXContainerItemProxy section */
		6EA79847284D4917006C4916 /* PBXContainerItemProxy */ = {
			isa = PBXContainerItemProxy;
			containerPortal = 6EA79825284D4915006C4916 /* Project object */;
			proxyType = 1;
			remoteGlobalIDString = 6EA7982C284D4915006C4916;
			remoteInfo = "my-repository-app";
		};
		6EA79851284D4917006C4916 /* PBXContainerItemProxy */ = {
			isa = PBXContainerItemProxy;
			containerPortal = 6EA79825284D4915006C4916 /* Project object */;
			proxyType = 1;
			remoteGlobalIDString = 6EA7982C284D4915006C4916;
			remoteInfo = "my-repository-app";
		};
/* End PBXContainerItemProxy section */

/* Begin PBXFileReference section */
		6EA7982D284D4915006C4916 /* my-repository-app.app */ = {isa = PBXFileReference; explicitFileType = wrapper.application; includeInIndex = 0; path = "my-repository-app.app"; sourceTree = BUILT_PRODUCTS_DIR; };
		6EA79830284D4915006C4916 /* AppDelegate.swift */ = {isa = PBXFileReference; lastKnownFileType = sourcecode.swift; path = AppDelegate.swift; sourceTree = "<group>"; };
		6EA79832284D4915006C4916 /* SceneDelegate.swift */ = {isa = PBXFileReference; lastKnownFileType = sourcecode.swift; path = SceneDelegate.swift; sourceTree = "<group>"; };
		6EA7983A284D4915006C4916 /* my_repository_app.xcdatamodel */ = {isa = PBXFileReference; lastKnownFileType = wrapper.xcdatamodel; path = my_repository_app.xcdatamodel; sourceTree = "<group>"; };
		6EA7983C284D4917006C4916 /* Assets.xcassets */ = {isa = PBXFileReference; lastKnownFileType = folder.assetcatalog; path = Assets.xcassets; sourceTree = "<group>"; };
		6EA7983F284D4917006C4916 /* Base */ = {isa = PBXFileReference; lastKnownFileType = file.storyboard; name = Base; path = Base.lproj/LaunchScreen.storyboard; sourceTree = "<group>"; };
		6EA79841284D4917006C4916 /* Info.plist */ = {isa = PBXFileReference; lastKnownFileType = text.plist.xml; path = Info.plist; sourceTree = "<group>"; };
		6EA79846284D4917006C4916 /* my-repository-appTests.xctest */ = {isa = PBXFileReference; explicitFileType = wrapper.cfbundle; includeInIndex = 0; path = "my-repository-appTests.xctest"; sourceTree = BUILT_PRODUCTS_DIR; };
		6EA7984A284D4917006C4916 /* my_repository_appTests.swift */ = {isa = PBXFileReference; lastKnownFileType = sourcecode.swift; path = my_repository_appTests.swift; sourceTree = "<group>"; };
		6EA79850284D4917006C4916 /* my-repository-appUITests.xctest */ = {isa = PBXFileReference; explicitFileType = wrapper.cfbundle; includeInIndex = 0; path = "my-repository-appUITests.xctest"; sourceTree = BUILT_PRODUCTS_DIR; };
		6EA79854284D4917006C4916 /* my_repository_appUITests.swift */ = {isa = PBXFileReference; lastKnownFileType = sourcecode.swift; path = my_repository_appUITests.swift; sourceTree = "<group>"; };
		6EA79856284D4917006C4916 /* my_repository_appUITestsLaunchTests.swift */ = {isa = PBXFileReference; lastKnownFileType = sourcecode.swift; path = my_repository_appUITestsLaunchTests.swift; sourceTree = "<group>"; };
		6EA79868284D5C6A006C4916 /* IntroViewController.swift */ = {isa = PBXFileReference; lastKnownFileType = sourcecode.swift; path = IntroViewController.swift; sourceTree = "<group>"; };
		6EA849F12856925A00825E74 /* IntroView.swift */ = {isa = PBXFileReference; lastKnownFileType = sourcecode.swift; path = IntroView.swift; sourceTree = "<group>"; };
		6EA849F42856989900825E74 /* Strings.swift */ = {isa = PBXFileReference; lastKnownFileType = sourcecode.swift; path = Strings.swift; sourceTree = "<group>"; };
		6EA849F728569B7D00825E74 /* Viewcode.swift */ = {isa = PBXFileReference; lastKnownFileType = sourcecode.swift; path = Viewcode.swift; sourceTree = "<group>"; };
/* End PBXFileReference section */

/* Begin PBXFrameworksBuildPhase section */
		6EA7982A284D4915006C4916 /* Frameworks */ = {
			isa = PBXFrameworksBuildPhase;
			buildActionMask = 2147483647;
			files = (
			);
			runOnlyForDeploymentPostprocessing = 0;
		};
		6EA79843284D4917006C4916 /* Frameworks */ = {
			isa = PBXFrameworksBuildPhase;
			buildActionMask = 2147483647;
			files = (
			);
			runOnlyForDeploymentPostprocessing = 0;
		};
		6EA7984D284D4917006C4916 /* Frameworks */ = {
			isa = PBXFrameworksBuildPhase;
			buildActionMask = 2147483647;
			files = (
			);
			runOnlyForDeploymentPostprocessing = 0;
		};
/* End PBXFrameworksBuildPhase section */

/* Begin PBXGroup section */
		6EA79824284D4915006C4916 = {
			isa = PBXGroup;
			children = (
				6EA7982F284D4915006C4916 /* my-repository-app */,
				6EA79849284D4917006C4916 /* my-repository-appTests */,
				6EA79853284D4917006C4916 /* my-repository-appUITests */,
				6EA7982E284D4915006C4916 /* Products */,
			);
			sourceTree = "<group>";
		};
		6EA7982E284D4915006C4916 /* Products */ = {
			isa = PBXGroup;
			children = (
				6EA7982D284D4915006C4916 /* my-repository-app.app */,
				6EA79846284D4917006C4916 /* my-repository-appTests.xctest */,
				6EA79850284D4917006C4916 /* my-repository-appUITests.xctest */,
			);
			name = Products;
			sourceTree = "<group>";
		};
		6EA7982F284D4915006C4916 /* my-repository-app */ = {
			isa = PBXGroup;
			children = (
				6EA79865284D5B7A006C4916 /* Sources */,
				6EA79864284D5B04006C4916 /* Resources */,
				6EA79863284D5ADB006C4916 /* Application */,
				6EA79841284D4917006C4916 /* Info.plist */,
				6EA79839284D4915006C4916 /* my_repository_app.xcdatamodeld */,
			);
			path = "my-repository-app";
			sourceTree = "<group>";
		};
		6EA79849284D4917006C4916 /* my-repository-appTests */ = {
			isa = PBXGroup;
			children = (
				6EA7984A284D4917006C4916 /* my_repository_appTests.swift */,
			);
			path = "my-repository-appTests";
			sourceTree = "<group>";
		};
		6EA79853284D4917006C4916 /* my-repository-appUITests */ = {
			isa = PBXGroup;
			children = (
				6EA79854284D4917006C4916 /* my_repository_appUITests.swift */,
				6EA79856284D4917006C4916 /* my_repository_appUITestsLaunchTests.swift */,
			);
			path = "my-repository-appUITests";
			sourceTree = "<group>";
		};
		6EA79863284D5ADB006C4916 /* Application */ = {
			isa = PBXGroup;
			children = (
				6EA79830284D4915006C4916 /* AppDelegate.swift */,
				6EA79832284D4915006C4916 /* SceneDelegate.swift */,
				6EA7983E284D4917006C4916 /* LaunchScreen.storyboard */,
			);
			path = Application;
			sourceTree = "<group>";
		};
		6EA79864284D5B04006C4916 /* Resources */ = {
			isa = PBXGroup;
			children = (
				6EA7983C284D4917006C4916 /* Assets.xcassets */,
			);
			path = Resources;
			sourceTree = "<group>";
		};
		6EA79865284D5B7A006C4916 /* Sources */ = {
			isa = PBXGroup;
			children = (
				6EA849F628569B6F00825E74 /* Viewcode */,
				6EA849F32856988400825E74 /* Strings */,
				6EA79866284D5BCA006C4916 /* Intro */,
			);
			path = Sources;
			sourceTree = "<group>";
		};
		6EA79866284D5BCA006C4916 /* Intro */ = {
			isa = PBXGroup;
			children = (
				6EA79867284D5C30006C4916 /* View */,
				6EA79868284D5C6A006C4916 /* IntroViewController.swift */,
				6EA849F12856925A00825E74 /* IntroView.swift */,
			);
			path = Intro;
			sourceTree = "<group>";
		};
		6EA79867284D5C30006C4916 /* View */ = {
			isa = PBXGroup;
			children = (
			);
			path = View;
			sourceTree = "<group>";
		};
		6EA849F32856988400825E74 /* Strings */ = {
			isa = PBXGroup;
			children = (
				6EA849F42856989900825E74 /* Strings.swift */,
			);
			path = Strings;
			sourceTree = "<group>";
		};
		6EA849F628569B6F00825E74 /* Viewcode */ = {
			isa = PBXGroup;
			children = (
				6EA849F728569B7D00825E74 /* Viewcode.swift */,
			);
			path = Viewcode;
			sourceTree = "<group>";
		};
/* End PBXGroup section */

/* Begin PBXNativeTarget section */
		6EA7982C284D4915006C4916 /* my-repository-app */ = {
			isa = PBXNativeTarget;
			buildConfigurationList = 6EA7985A284D4917006C4916 /* Build configuration list for PBXNativeTarget "my-repository-app" */;
			buildPhases = (
				6EA79829284D4915006C4916 /* Sources */,
				6EA7982A284D4915006C4916 /* Frameworks */,
				6EA7982B284D4915006C4916 /* Resources */,
			);
			buildRules = (
			);
			dependencies = (
			);
			name = "my-repository-app";
			productName = "my-repository-app";
			productReference = 6EA7982D284D4915006C4916 /* my-repository-app.app */;
			productType = "com.apple.product-type.application";
		};
		6EA79845284D4917006C4916 /* my-repository-appTests */ = {
			isa = PBXNativeTarget;
			buildConfigurationList = 6EA7985D284D4917006C4916 /* Build configuration list for PBXNativeTarget "my-repository-appTests" */;
			buildPhases = (
				6EA79842284D4917006C4916 /* Sources */,
				6EA79843284D4917006C4916 /* Frameworks */,
				6EA79844284D4917006C4916 /* Resources */,
			);
			buildRules = (
			);
			dependencies = (
				6EA79848284D4917006C4916 /* PBXTargetDependency */,
			);
			name = "my-repository-appTests";
			productName = "my-repository-appTests";
			productReference = 6EA79846284D4917006C4916 /* my-repository-appTests.xctest */;
			productType = "com.apple.product-type.bundle.unit-test";
		};
		6EA7984F284D4917006C4916 /* my-repository-appUITests */ = {
			isa = PBXNativeTarget;
			buildConfigurationList = 6EA79860284D4917006C4916 /* Build configuration list for PBXNativeTarget "my-repository-appUITests" */;
			buildPhases = (
				6EA7984C284D4917006C4916 /* Sources */,
				6EA7984D284D4917006C4916 /* Frameworks */,
				6EA7984E284D4917006C4916 /* Resources */,
			);
			buildRules = (
			);
			dependencies = (
				6EA79852284D4917006C4916 /* PBXTargetDependency */,
			);
			name = "my-repository-appUITests";
			productName = "my-repository-appUITests";
			productReference = 6EA79850284D4917006C4916 /* my-repository-appUITests.xctest */;
			productType = "com.apple.product-type.bundle.ui-testing";
		};
/* End PBXNativeTarget section */

/* Begin PBXProject section */
		6EA79825284D4915006C4916 /* Project object */ = {
			isa = PBXProject;
			attributes = {
				BuildIndependentTargetsInParallel = 1;
				LastSwiftUpdateCheck = 1340;
				LastUpgradeCheck = 1340;
				TargetAttributes = {
					6EA7982C284D4915006C4916 = {
						CreatedOnToolsVersion = 13.4.1;
					};
					6EA79845284D4917006C4916 = {
						CreatedOnToolsVersion = 13.4.1;
						TestTargetID = 6EA7982C284D4915006C4916;
					};
					6EA7984F284D4917006C4916 = {
						CreatedOnToolsVersion = 13.4.1;
						TestTargetID = 6EA7982C284D4915006C4916;
					};
				};
			};
			buildConfigurationList = 6EA79828284D4915006C4916 /* Build configuration list for PBXProject "my-repository-app" */;
			compatibilityVersion = "Xcode 13.0";
			developmentRegion = en;
			hasScannedForEncodings = 0;
			knownRegions = (
				en,
				Base,
			);
			mainGroup = 6EA79824284D4915006C4916;
			productRefGroup = 6EA7982E284D4915006C4916 /* Products */;
			projectDirPath = "";
			projectRoot = "";
			targets = (
				6EA7982C284D4915006C4916 /* my-repository-app */,
				6EA79845284D4917006C4916 /* my-repository-appTests */,
				6EA7984F284D4917006C4916 /* my-repository-appUITests */,
			);
		};
/* End PBXProject section */

/* Begin PBXResourcesBuildPhase section */
		6EA7982B284D4915006C4916 /* Resources */ = {
			isa = PBXResourcesBuildPhase;
			buildActionMask = 2147483647;
			files = (
				6EA79840284D4917006C4916 /* LaunchScreen.storyboard in Resources */,
				6EA7983D284D4917006C4916 /* Assets.xcassets in Resources */,
			);
			runOnlyForDeploymentPostprocessing = 0;
		};
		6EA79844284D4917006C4916 /* Resources */ = {
			isa = PBXResourcesBuildPhase;
			buildActionMask = 2147483647;
			files = (
			);
			runOnlyForDeploymentPostprocessing = 0;
		};
		6EA7984E284D4917006C4916 /* Resources */ = {
			isa = PBXResourcesBuildPhase;
			buildActionMask = 2147483647;
			files = (
			);
			runOnlyForDeploymentPostprocessing = 0;
		};
/* End PBXResourcesBuildPhase section */

/* Begin PBXSourcesBuildPhase section */
		6EA79829284D4915006C4916 /* Sources */ = {
			isa = PBXSourcesBuildPhase;
			buildActionMask = 2147483647;
			files = (
				6EA79869284D5C6A006C4916 /* IntroViewController.swift in Sources */,
				6EA79831284D4915006C4916 /* AppDelegate.swift in Sources */,
				6EA79833284D4915006C4916 /* SceneDelegate.swift in Sources */,
				6EA7983B284D4915006C4916 /* my_repository_app.xcdatamodeld in Sources */,
				6EA849F828569B7D00825E74 /* Viewcode.swift in Sources */,
				6EA849F52856989900825E74 /* Strings.swift in Sources */,
				6EA849F22856925A00825E74 /* IntroView.swift in Sources */,
			);
			runOnlyForDeploymentPostprocessing = 0;
		};
		6EA79842284D4917006C4916 /* Sources */ = {
			isa = PBXSourcesBuildPhase;
			buildActionMask = 2147483647;
			files = (
				6EA7984B284D4917006C4916 /* my_repository_appTests.swift in Sources */,
			);
			runOnlyForDeploymentPostprocessing = 0;
		};
		6EA7984C284D4917006C4916 /* Sources */ = {
			isa = PBXSourcesBuildPhase;
			buildActionMask = 2147483647;
			files = (
				6EA79857284D4917006C4916 /* my_repository_appUITestsLaunchTests.swift in Sources */,
				6EA79855284D4917006C4916 /* my_repository_appUITests.swift in Sources */,
			);
			runOnlyForDeploymentPostprocessing = 0;
		};
/* End PBXSourcesBuildPhase section */

/* Begin PBXTargetDependency section */
		6EA79848284D4917006C4916 /* PBXTargetDependency */ = {
			isa = PBXTargetDependency;
			target = 6EA7982C284D4915006C4916 /* my-repository-app */;
			targetProxy = 6EA79847284D4917006C4916 /* PBXContainerItemProxy */;
		};
		6EA79852284D4917006C4916 /* PBXTargetDependency */ = {
			isa = PBXTargetDependency;
			target = 6EA7982C284D4915006C4916 /* my-repository-app */;
			targetProxy = 6EA79851284D4917006C4916 /* PBXContainerItemProxy */;
		};
/* End PBXTargetDependency section */

/* Begin PBXVariantGroup section */
		6EA7983E284D4917006C4916 /* LaunchScreen.storyboard */ = {
			isa = PBXVariantGroup;
			children = (
				6EA7983F284D4917006C4916 /* Base */,
			);
			name = LaunchScreen.storyboard;
			sourceTree = "<group>";
		};
/* End PBXVariantGroup section */

/* Begin XCBuildConfiguration section */
		6EA79858284D4917006C4916 /* Debug */ = {
			isa = XCBuildConfiguration;
			buildSettings = {
				ALWAYS_SEARCH_USER_PATHS = NO;
				CLANG_ANALYZER_NONNULL = YES;
				CLANG_ANALYZER_NUMBER_OBJECT_CONVERSION = YES_AGGRESSIVE;
				CLANG_CXX_LANGUAGE_STANDARD = "gnu++17";
				CLANG_ENABLE_MODULES = YES;
				CLANG_ENABLE_OBJC_ARC = YES;
				CLANG_ENABLE_OBJC_WEAK = YES;
				CLANG_WARN_BLOCK_CAPTURE_AUTORELEASING = YES;
				CLANG_WARN_BOOL_CONVERSION = YES;
				CLANG_WARN_COMMA = YES;
				CLANG_WARN_CONSTANT_CONVERSION = YES;
				CLANG_WARN_DEPRECATED_OBJC_IMPLEMENTATIONS = YES;
				CLANG_WARN_DIRECT_OBJC_ISA_USAGE = YES_ERROR;
				CLANG_WARN_DOCUMENTATION_COMMENTS = YES;
				CLANG_WARN_EMPTY_BODY = YES;
				CLANG_WARN_ENUM_CONVERSION = YES;
				CLANG_WARN_INFINITE_RECURSION = YES;
				CLANG_WARN_INT_CONVERSION = YES;
				CLANG_WARN_NON_LITERAL_NULL_CONVERSION = YES;
				CLANG_WARN_OBJC_IMPLICIT_RETAIN_SELF = YES;
				CLANG_WARN_OBJC_LITERAL_CONVERSION = YES;
				CLANG_WARN_OBJC_ROOT_CLASS = YES_ERROR;
				CLANG_WARN_QUOTED_INCLUDE_IN_FRAMEWORK_HEADER = YES;
				CLANG_WARN_RANGE_LOOP_ANALYSIS = YES;
				CLANG_WARN_STRICT_PROTOTYPES = YES;
				CLANG_WARN_SUSPICIOUS_MOVE = YES;
				CLANG_WARN_UNGUARDED_AVAILABILITY = YES_AGGRESSIVE;
				CLANG_WARN_UNREACHABLE_CODE = YES;
				CLANG_WARN__DUPLICATE_METHOD_MATCH = YES;
				COPY_PHASE_STRIP = NO;
				DEBUG_INFORMATION_FORMAT = dwarf;
				ENABLE_STRICT_OBJC_MSGSEND = YES;
				ENABLE_TESTABILITY = YES;
				GCC_C_LANGUAGE_STANDARD = gnu11;
				GCC_DYNAMIC_NO_PIC = NO;
				GCC_NO_COMMON_BLOCKS = YES;
				GCC_OPTIMIZATION_LEVEL = 0;
				GCC_PREPROCESSOR_DEFINITIONS = (
					"DEBUG=1",
					"$(inherited)",
				);
				GCC_WARN_64_TO_32_BIT_CONVERSION = YES;
				GCC_WARN_ABOUT_RETURN_TYPE = YES_ERROR;
				GCC_WARN_UNDECLARED_SELECTOR = YES;
				GCC_WARN_UNINITIALIZED_AUTOS = YES_AGGRESSIVE;
				GCC_WARN_UNUSED_FUNCTION = YES;
				GCC_WARN_UNUSED_VARIABLE = YES;
				IPHONEOS_DEPLOYMENT_TARGET = 15.5;
				MTL_ENABLE_DEBUG_INFO = INCLUDE_SOURCE;
				MTL_FAST_MATH = YES;
				ONLY_ACTIVE_ARCH = YES;
				SDKROOT = iphoneos;
				SWIFT_ACTIVE_COMPILATION_CONDITIONS = DEBUG;
				SWIFT_OPTIMIZATION_LEVEL = "-Onone";
			};
			name = Debug;
		};
		6EA79859284D4917006C4916 /* Release */ = {
			isa = XCBuildConfiguration;
			buildSettings = {
				ALWAYS_SEARCH_USER_PATHS = NO;
				CLANG_ANALYZER_NONNULL = YES;
				CLANG_ANALYZER_NUMBER_OBJECT_CONVERSION = YES_AGGRESSIVE;
				CLANG_CXX_LANGUAGE_STANDARD = "gnu++17";
				CLANG_ENABLE_MODULES = YES;
				CLANG_ENABLE_OBJC_ARC = YES;
				CLANG_ENABLE_OBJC_WEAK = YES;
				CLANG_WARN_BLOCK_CAPTURE_AUTORELEASING = YES;
				CLANG_WARN_BOOL_CONVERSION = YES;
				CLANG_WARN_COMMA = YES;
				CLANG_WARN_CONSTANT_CONVERSION = YES;
				CLANG_WARN_DEPRECATED_OBJC_IMPLEMENTATIONS = YES;
				CLANG_WARN_DIRECT_OBJC_ISA_USAGE = YES_ERROR;
				CLANG_WARN_DOCUMENTATION_COMMENTS = YES;
				CLANG_WARN_EMPTY_BODY = YES;
				CLANG_WARN_ENUM_CONVERSION = YES;
				CLANG_WARN_INFINITE_RECURSION = YES;
				CLANG_WARN_INT_CONVERSION = YES;
				CLANG_WARN_NON_LITERAL_NULL_CONVERSION = YES;
				CLANG_WARN_OBJC_IMPLICIT_RETAIN_SELF = YES;
				CLANG_WARN_OBJC_LITERAL_CONVERSION = YES;
				CLANG_WARN_OBJC_ROOT_CLASS = YES_ERROR;
				CLANG_WARN_QUOTED_INCLUDE_IN_FRAMEWORK_HEADER = YES;
				CLANG_WARN_RANGE_LOOP_ANALYSIS = YES;
				CLANG_WARN_STRICT_PROTOTYPES = YES;
				CLANG_WARN_SUSPICIOUS_MOVE = YES;
				CLANG_WARN_UNGUARDED_AVAILABILITY = YES_AGGRESSIVE;
				CLANG_WARN_UNREACHABLE_CODE = YES;
				CLANG_WARN__DUPLICATE_METHOD_MATCH = YES;
				COPY_PHASE_STRIP = NO;
				DEBUG_INFORMATION_FORMAT = "dwarf-with-dsym";
				ENABLE_NS_ASSERTIONS = NO;
				ENABLE_STRICT_OBJC_MSGSEND = YES;
				GCC_C_LANGUAGE_STANDARD = gnu11;
				GCC_NO_COMMON_BLOCKS = YES;
				GCC_WARN_64_TO_32_BIT_CONVERSION = YES;
				GCC_WARN_ABOUT_RETURN_TYPE = YES_ERROR;
				GCC_WARN_UNDECLARED_SELECTOR = YES;
				GCC_WARN_UNINITIALIZED_AUTOS = YES_AGGRESSIVE;
				GCC_WARN_UNUSED_FUNCTION = YES;
				GCC_WARN_UNUSED_VARIABLE = YES;
				IPHONEOS_DEPLOYMENT_TARGET = 15.5;
				MTL_ENABLE_DEBUG_INFO = NO;
				MTL_FAST_MATH = YES;
				SDKROOT = iphoneos;
				SWIFT_COMPILATION_MODE = wholemodule;
				SWIFT_OPTIMIZATION_LEVEL = "-O";
				VALIDATE_PRODUCT = YES;
			};
			name = Release;
		};
		6EA7985B284D4917006C4916 /* Debug */ = {
			isa = XCBuildConfiguration;
			buildSettings = {
				ASSETCATALOG_COMPILER_APPICON_NAME = AppIcon;
				ASSETCATALOG_COMPILER_GLOBAL_ACCENT_COLOR_NAME = AccentColor;
				CODE_SIGN_STYLE = Automatic;
				CURRENT_PROJECT_VERSION = 1;
				DEVELOPMENT_TEAM = LH2D5R8236;
				GENERATE_INFOPLIST_FILE = YES;
				INFOPLIST_FILE = "my-repository-app/Info.plist";
				INFOPLIST_KEY_UIApplicationSupportsIndirectInputEvents = YES;
				INFOPLIST_KEY_UILaunchStoryboardName = LaunchScreen;
				INFOPLIST_KEY_UISupportedInterfaceOrientations_iPad = "UIInterfaceOrientationPortrait UIInterfaceOrientationPortraitUpsideDown UIInterfaceOrientationLandscapeLeft UIInterfaceOrientationLandscapeRight";
				INFOPLIST_KEY_UISupportedInterfaceOrientations_iPhone = "UIInterfaceOrientationPortrait UIInterfaceOrientationLandscapeLeft UIInterfaceOrientationLandscapeRight";
				LD_RUNPATH_SEARCH_PATHS = (
					"$(inherited)",
					"@executable_path/Frameworks",
				);
				MARKETING_VERSION = 1.0;
				PRODUCT_BUNDLE_IDENTIFIER = "com.viniciusyr.my-repository-app";
				PRODUCT_NAME = "$(TARGET_NAME)";
				SWIFT_EMIT_LOC_STRINGS = YES;
				SWIFT_VERSION = 5.0;
				TARGETED_DEVICE_FAMILY = "1,2";
			};
			name = Debug;
		};
		6EA7985C284D4917006C4916 /* Release */ = {
			isa = XCBuildConfiguration;
			buildSettings = {
				ASSETCATALOG_COMPILER_APPICON_NAME = AppIcon;
				ASSETCATALOG_COMPILER_GLOBAL_ACCENT_COLOR_NAME = AccentColor;
				CODE_SIGN_STYLE = Automatic;
				CURRENT_PROJECT_VERSION = 1;
				DEVELOPMENT_TEAM = LH2D5R8236;
				GENERATE_INFOPLIST_FILE = YES;
				INFOPLIST_FILE = "my-repository-app/Info.plist";
				INFOPLIST_KEY_UIApplicationSupportsIndirectInputEvents = YES;
				INFOPLIST_KEY_UILaunchStoryboardName = LaunchScreen;
				INFOPLIST_KEY_UISupportedInterfaceOrientations_iPad = "UIInterfaceOrientationPortrait UIInterfaceOrientationPortraitUpsideDown UIInterfaceOrientationLandscapeLeft UIInterfaceOrientationLandscapeRight";
				INFOPLIST_KEY_UISupportedInterfaceOrientations_iPhone = "UIInterfaceOrientationPortrait UIInterfaceOrientationLandscapeLeft UIInterfaceOrientationLandscapeRight";
				LD_RUNPATH_SEARCH_PATHS = (
					"$(inherited)",
					"@executable_path/Frameworks",
				);
				MARKETING_VERSION = 1.0;
				PRODUCT_BUNDLE_IDENTIFIER = "com.viniciusyr.my-repository-app";
				PRODUCT_NAME = "$(TARGET_NAME)";
				SWIFT_EMIT_LOC_STRINGS = YES;
				SWIFT_VERSION = 5.0;
				TARGETED_DEVICE_FAMILY = "1,2";
			};
			name = Release;
		};
		6EA7985E284D4917006C4916 /* Debug */ = {
			isa = XCBuildConfiguration;
			buildSettings = {
				ALWAYS_EMBED_SWIFT_STANDARD_LIBRARIES = YES;
				BUNDLE_LOADER = "$(TEST_HOST)";
				CODE_SIGN_STYLE = Automatic;
				CURRENT_PROJECT_VERSION = 1;
				DEVELOPMENT_TEAM = LH2D5R8236;
				GENERATE_INFOPLIST_FILE = YES;
				IPHONEOS_DEPLOYMENT_TARGET = 15.5;
				MARKETING_VERSION = 1.0;
				PRODUCT_BUNDLE_IDENTIFIER = "com.viniciusyr.my-repository-appTests";
				PRODUCT_NAME = "$(TARGET_NAME)";
				SWIFT_EMIT_LOC_STRINGS = NO;
				SWIFT_VERSION = 5.0;
				TARGETED_DEVICE_FAMILY = "1,2";
				TEST_HOST = "$(BUILT_PRODUCTS_DIR)/my-repository-app.app/my-repository-app";
			};
			name = Debug;
		};
		6EA7985F284D4917006C4916 /* Release */ = {
			isa = XCBuildConfiguration;
			buildSettings = {
				ALWAYS_EMBED_SWIFT_STANDARD_LIBRARIES = YES;
				BUNDLE_LOADER = "$(TEST_HOST)";
				CODE_SIGN_STYLE = Automatic;
				CURRENT_PROJECT_VERSION = 1;
				DEVELOPMENT_TEAM = LH2D5R8236;
				GENERATE_INFOPLIST_FILE = YES;
				IPHONEOS_DEPLOYMENT_TARGET = 15.5;
				MARKETING_VERSION = 1.0;
				PRODUCT_BUNDLE_IDENTIFIER = "com.viniciusyr.my-repository-appTests";
				PRODUCT_NAME = "$(TARGET_NAME)";
				SWIFT_EMIT_LOC_STRINGS = NO;
				SWIFT_VERSION = 5.0;
				TARGETED_DEVICE_FAMILY = "1,2";
				TEST_HOST = "$(BUILT_PRODUCTS_DIR)/my-repository-app.app/my-repository-app";
			};
			name = Release;
		};
		6EA79861284D4917006C4916 /* Debug */ = {
			isa = XCBuildConfiguration;
			buildSettings = {
				ALWAYS_EMBED_SWIFT_STANDARD_LIBRARIES = YES;
				CODE_SIGN_STYLE = Automatic;
				CURRENT_PROJECT_VERSION = 1;
				DEVELOPMENT_TEAM = LH2D5R8236;
				GENERATE_INFOPLIST_FILE = YES;
				MARKETING_VERSION = 1.0;
				PRODUCT_BUNDLE_IDENTIFIER = "com.viniciusyr.my-repository-appUITests";
				PRODUCT_NAME = "$(TARGET_NAME)";
				SWIFT_EMIT_LOC_STRINGS = NO;
				SWIFT_VERSION = 5.0;
				TARGETED_DEVICE_FAMILY = "1,2";
				TEST_TARGET_NAME = "my-repository-app";
			};
			name = Debug;
		};
		6EA79862284D4917006C4916 /* Release */ = {
			isa = XCBuildConfiguration;
			buildSettings = {
				ALWAYS_EMBED_SWIFT_STANDARD_LIBRARIES = YES;
				CODE_SIGN_STYLE = Automatic;
				CURRENT_PROJECT_VERSION = 1;
				DEVELOPMENT_TEAM = LH2D5R8236;
				GENERATE_INFOPLIST_FILE = YES;
				MARKETING_VERSION = 1.0;
				PRODUCT_BUNDLE_IDENTIFIER = "com.viniciusyr.my-repository-appUITests";
				PRODUCT_NAME = "$(TARGET_NAME)";
				SWIFT_EMIT_LOC_STRINGS = NO;
				SWIFT_VERSION = 5.0;
				TARGETED_DEVICE_FAMILY = "1,2";
				TEST_TARGET_NAME = "my-repository-app";
			};
			name = Release;
		};
/* End XCBuildConfiguration section */

/* Begin XCConfigurationList section */
		6EA79828284D4915006C4916 /* Build configuration list for PBXProject "my-repository-app" */ = {
			isa = XCConfigurationList;
			buildConfigurations = (
				6EA79858284D4917006C4916 /* Debug */,
				6EA79859284D4917006C4916 /* Release */,
			);
			defaultConfigurationIsVisible = 0;
			defaultConfigurationName = Release;
		};
		6EA7985A284D4917006C4916 /* Build configuration list for PBXNativeTarget "my-repository-app" */ = {
			isa = XCConfigurationList;
			buildConfigurations = (
				6EA7985B284D4917006C4916 /* Debug */,
				6EA7985C284D4917006C4916 /* Release */,
			);
			defaultConfigurationIsVisible = 0;
			defaultConfigurationName = Release;
		};
		6EA7985D284D4917006C4916 /* Build configuration list for PBXNativeTarget "my-repository-appTests" */ = {
			isa = XCConfigurationList;
			buildConfigurations = (
				6EA7985E284D4917006C4916 /* Debug */,
				6EA7985F284D4917006C4916 /* Release */,
			);
			defaultConfigurationIsVisible = 0;
			defaultConfigurationName = Release;
		};
		6EA79860284D4917006C4916 /* Build configuration list for PBXNativeTarget "my-repository-appUITests" */ = {
			isa = XCConfigurationList;
			buildConfigurations = (
				6EA79861284D4917006C4916 /* Debug */,
				6EA79862284D4917006C4916 /* Release */,
			);
			defaultConfigurationIsVisible = 0;
			defaultConfigurationName = Release;
		};
/* End XCConfigurationList section */

/* Begin XCVersionGroup section */
		6EA79839284D4915006C4916 /* my_repository_app.xcdatamodeld */ = {
			isa = XCVersionGroup;
			children = (
				6EA7983A284D4915006C4916 /* my_repository_app.xcdatamodel */,
			);
			currentVersion = 6EA7983A284D4915006C4916 /* my_repository_app.xcdatamodel */;
			path = my_repository_app.xcdatamodeld;
			sourceTree = "<group>";
			versionGroupType = wrapper.xcdatamodel;
		};
/* End XCVersionGroup section */
	};
	rootObject = 6EA79825284D4915006C4916 /* Project object */;
}
